
Microsoft Visual Studio Solution File, Format Version 12.00
# Visual Studio Version 17
VisualStudioVersion = 17.11.35312.102
MinimumVisualStudioVersion = 10.0.40219.1
Project("{FAE04EC0-301F-11D3-BF4B-00C04F79EFBC}") = "4-Gewinnt", "4-Gewinnt\4-Gewinnt.csproj", "{F50AA275-C71B-449E-8E17-7AAD3371FB54}"
EndProject
Project("{FAE04EC0-301F-11D3-BF4B-00C04F79EFBC}") = "4-Gewinnt-Logik", "4-Gewinnt-Logik\4-Gewinnt-Logik.csproj", "{B60A0F39-61D0-4E38-90F7-05B7C179A740}"
EndProject
Global
	GlobalSection(SolutionConfigurationPlatforms) = preSolution
		Debug|Any CPU = Debug|Any CPU
		Release|Any CPU = Release|Any CPU
	EndGlobalSection
	GlobalSection(ProjectConfigurationPlatforms) = postSolution
		{F50AA275-C71B-449E-8E17-7AAD3371FB54}.Debug|Any CPU.ActiveCfg = Debug|Any CPU
		{F50AA275-C71B-449E-8E17-7AAD3371FB54}.Debug|Any CPU.Build.0 = Debug|Any CPU
		{F50AA275-C71B-449E-8E17-7AAD3371FB54}.Release|Any CPU.ActiveCfg = Release|Any CPU
		{F50AA275-C71B-449E-8E17-7AAD3371FB54}.Release|Any CPU.Build.0 = Release|Any CPU
		{B60A0F39-61D0-4E38-90F7-05B7C179A740}.Debug|Any CPU.ActiveCfg = Debug|Any CPU
		{B60A0F39-61D0-4E38-90F7-05B7C179A740}.Debug|Any CPU.Build.0 = Debug|Any CPU
		{B60A0F39-61D0-4E38-90F7-05B7C179A740}.Release|Any CPU.ActiveCfg = Release|Any CPU
		{B60A0F39-61D0-4E38-90F7-05B7C179A740}.Release|Any CPU.Build.0 = Release|Any CPU
	EndGlobalSection
	GlobalSection(SolutionProperties) = preSolution
		HideSolutionNode = FALSE
	EndGlobalSection
	GlobalSection(ExtensibilityGlobals) = postSolution
		SolutionGuid = {A6994EF5-505D-4ED4-A6CC-B82C89770BDF}
	EndGlobalSection
EndGlobal
